
Microsoft Visual Studio Solution File, Format Version 12.00
# Visual Studio 15
VisualStudioVersion = 15.0.27130.2026
MinimumVisualStudioVersion = 10.0.40219.1
Project("{FAE04EC0-301F-11D3-BF4B-00C04F79EFBC}") = "Examples", "Examples\Examples.csproj", "{80DC3F63-D015-4D95-9D7B-EFBF5F9B58AB}"
EndProject
Project("{FAE04EC0-301F-11D3-BF4B-00C04F79EFBC}") = "Functions", "Functions\Functions.csproj", "{974C647C-B8F8-4685-8B7F-D44C0CFE6E94}"
EndProject
Global
	GlobalSection(SolutionConfigurationPlatforms) = preSolution
		Debug|Any CPU = Debug|Any CPU
		Release|Any CPU = Release|Any CPU
	EndGlobalSection
	GlobalSection(ProjectConfigurationPlatforms) = postSolution
		{80DC3F63-D015-4D95-9D7B-EFBF5F9B58AB}.Debug|Any CPU.ActiveCfg = Debug|Any CPU
		{80DC3F63-D015-4D95-9D7B-EFBF5F9B58AB}.Debug|Any CPU.Build.0 = Debug|Any CPU
		{80DC3F63-D015-4D95-9D7B-EFBF5F9B58AB}.Release|Any CPU.ActiveCfg = Release|Any CPU
		{80DC3F63-D015-4D95-9D7B-EFBF5F9B58AB}.Release|Any CPU.Build.0 = Release|Any CPU
		{974C647C-B8F8-4685-8B7F-D44C0CFE6E94}.Debug|Any CPU.ActiveCfg = Debug|Any CPU
		{974C647C-B8F8-4685-8B7F-D44C0CFE6E94}.Debug|Any CPU.Build.0 = Debug|Any CPU
		{974C647C-B8F8-4685-8B7F-D44C0CFE6E94}.Release|Any CPU.ActiveCfg = Release|Any CPU
		{974C647C-B8F8-4685-8B7F-D44C0CFE6E94}.Release|Any CPU.Build.0 = Release|Any CPU
	EndGlobalSection
	GlobalSection(SolutionProperties) = preSolution
		HideSolutionNode = FALSE
	EndGlobalSection
	GlobalSection(ExtensibilityGlobals) = postSolution
		SolutionGuid = {B51475F3-70D4-47CD-938B-A44685A54675}
	EndGlobalSection
EndGlobal
